[[tools.java]]
version = "temurin-25.0.2+10.0.LTS"
backend = "core:java"

[[tools.maven]]
version = "3.9.14"
backend = "aqua:apache/maven"
"platforms.linux-arm64" = { url = "https://archive.apache.org/dist/maven/maven-3/3.9.14/binaries/apache-maven-3.9.14-bin.tar.gz"}
"platforms.linux-x64" = { checksum = "blake3:ddca056b677bf4077840b51afc34d90ea3d563f47976d886ed7d767588455f9f", url = "https://archive.apache.org/dist/maven/maven-3/3.9.14/binaries/apache-maven-3.9.14-bin.tar.gz"}
"platforms.macos-arm64" = { url = "https://archive.apache.org/dist/maven/maven-3/3.9.14/binaries/apache-maven-3.9.14-bin.tar.gz"}
"platforms.macos-x64" = { url = "https://archive.apache.org/dist/maven/maven-3/3.9.14/binaries/apache-maven-3.9.14-bin.tar.gz"}
"platforms.windows-x64" = { url = "https://archive.apache.org/dist/maven/maven-3/3.9.14/binaries/apache-maven-3.9.14-bin.tar.gz"}

[[tools.node]]
version = "20.20.1"
backend = "core:node"
"platforms.linux-arm64" = { checksum = "sha256:d6947e10ddc124284aee92981cc739cd4581a6b4bf89520792f2b582600195fa", url = "https://nodejs.org/dist/v20.20.1/node-v20.20.1-linux-arm64.tar.gz"}
"platforms.linux-x64" = { checksum = "sha256:6362e50804cdcc110592201f67beda93bcd702fdcbe1c42840a50d590e3af0ce", url = "https://nodejs.org/dist/v20.20.1/node-v20.20.1-linux-x64.tar.gz"}
"platforms.macos-arm64" = { checksum = "sha256:36c5ef36d955995ea2dea700b16b8e79bedeb1ecb4569e77ddc8fc739aa56bac", url = "https://nodejs.org/dist/v20.20.1/node-v20.20.1-darwin-arm64.tar.gz"}
"platforms.macos-x64" = { checksum = "sha256:ea8d2cd7280d935232bae5456704843aa50cf452e10b95abd92a721db6496965", url = "https://nodejs.org/dist/v20.20.1/node-v20.20.1-darwin-x64.tar.gz"}
"platforms.windows-x64" = { checksum = "sha256:499e886ed617abb37d5e3a2b87a3f737e3c673b146361fb5ee70d08d7fdf6d2b", url = "https://nodejs.org/dist/v20.20.1/node-v20.20.1-win-x64.zip"}

[[tools.python]]
version = "3.12.13"
backend = "core:python"
"platforms.linux-arm64" = { checksum = "sha256:36ddba171f170664c0b8f254be9c60a10d6319d922f115cf6b913e8d4cdfc200", url = "https://github.com/astral-sh/python-build-standalone/releases/download/20260320/cpython-3.12.13+20260320-aarch64-unknown-linux-gnu-install_only_stripped.tar.gz"}
"platforms.linux-x64" = { checksum = "sha256:bdabcacc426ab3f04dc65ff26dffb4abaddd16ae8797f8aa50479de0c566245e", url = "https://github.com/astral-sh/python-build-standalone/releases/download/20260320/cpython-3.12.13+20260320-x86_64-unknown-linux-gnu-install_only_stripped.tar.gz"}
"platforms.macos-arm64" = { checksum = "sha256:696399fe62405849f83ba90d5792504ae11820d83f1a6f9a4af79227f1e66862", url = "https://github.com/astral-sh/python-build-standalone/releases/download/20260320/cpython-3.12.13+20260320-aarch64-apple-darwin-install_only_stripped.tar.gz"}
"platforms.macos-x64" = { checksum = "sha256:13a48dd64d9bb6ce1cdede48741011da87459ce88c34682957c4653eddf8603c", url = "https://github.com/astral-sh/python-build-standalone/releases/download/20260320/cpython-3.12.13+20260320-x86_64-apple-darwin-install_only_stripped.tar.gz"}
"platforms.windows-x64" = { checksum = "sha256:61e26d4ddd7e4345a8f980c4b3730aa9b388e5ac909555a6ad2ef9bae3b9f1ac", url = "https://github.com/astral-sh/python-build-standalone/releases/download/20260320/cpython-3.12.13+20260320-x86_64-pc-windows-msvc-install_only_stripped.tar.gz"}
